{
    "_readme": [
        "This file locks the dependencies of your project to a known state",
        "Read more about it at https://getcomposer.org/doc/01-basic-usage.md#composer-lock-the-lock-file",
        "This file is @generated automatically"
    ],
    "hash": "66f9abf74502bdc6fe50f883910a2a16",
    "packages": [
        {
            "name": "bee4/events",
            "version": "v0.1.1",
            "source": {
                "type": "git",
                "url": "https://github.com/bee4/events.git",
                "reference": "8cf372fb6ca1f1876dfc78e12b915a4363c6b488"
            },
            "dist": {
                "type": "zip",
                "url": "https://api.github.com/repos/bee4/events/zipball/8cf372fb6ca1f1876dfc78e12b915a4363c6b488",
                "reference": "8cf372fb6ca1f1876dfc78e12b915a4363c6b488",
                "shasum": ""
            },
            "require": {
                "php": ">=5.4.0"
            },
            "require-dev": {
                "phpunit/phpunit": "~4.3"
            },
            "suggest": {
                "symfony/event-dispatcher": "Required if using Symfony event dispatcher adapter"
            },
            "type": "library",
            "autoload": {
                "psr-4": {
                    "Bee4\\Events\\": "src"
                }
            },
            "notification-url": "https://packagist.org/downloads/",
            "license": [
                "Apache-2.0"
            ],
            "authors": [
                {
                    "name": "Stéphane HULARD",
                    "email": "s.hulard@chstudio.fr"
                }
            ],
            "description": "Basic event dispatcher definition, to allow a project to allow to manage events",
            "time": "2014-10-06 14:07:07"
        },
        {
            "name": "bee4/transport",
            "version": "v1.1.0",
            "source": {
                "type": "git",
                "url": "https://github.com/bee4/transport.git",
                "reference": "c66247b28e86b120586e0f2a1f4b1c1c4e2f346e"
            },
            "dist": {
                "type": "zip",
                "url": "https://api.github.com/repos/bee4/transport/zipball/c66247b28e86b120586e0f2a1f4b1c1c4e2f346e",
                "reference": "c66247b28e86b120586e0f2a1f4b1c1c4e2f346e",
                "shasum": ""
            },
            "require": {
                "bee4/events": "~0.0",
                "ext-curl": "*",
                "php": ">=5.4.0"
            },
            "require-dev": {
                "phpunit/phpunit": "~4.0",
                "squizlabs/php_codesniffer": "2.*"
            },
            "type": "library",
            "autoload": {
                "psr-4": {
                    "Bee4\\Transport\\": "src"
                }
            },
            "notification-url": "https://packagist.org/downloads/",
            "license": [
                "Apache-2.0"
            ],
            "authors": [
                {
                    "name": "Stéphane HULARD",
                    "email": "s.hulard@chstudio.fr"
                }
            ],
            "description": "A simple chainable HTTP client. Built for intensive HTTP calls!",
            "time": "2015-05-28 12:01:43"
        }
    ],
    "packages-dev": [],
    "aliases": [],
    "minimum-stability": "stable",
    "stability-flags": [],
    "prefer-stable": false,
    "prefer-lowest": false,
    "platform": {
        "php": ">=5.4.0",
        "ext-spl": "*",
        "ext-pcre": "*",
        "ext-json": "*"
    },
    "platform-dev": []
}
